
Microsoft Visual Studio Solution File, Format Version 12.00
# Visual Studio Version 17
VisualStudioVersion = 17.14.36518.9 d17.14
MinimumVisualStudioVersion = 10.0.40219.1
Project("{FAE04EC0-301F-11D3-BF4B-00C04F79EFBC}") = "Shared", "Shared\Shared.csproj", "{323B8013-DFDF-4439-AE6E-0A560887E792}"
EndProject
Project("{FAE04EC0-301F-11D3-BF4B-00C04F79EFBC}") = "Consumer", "Consumer\Consumer.csproj", "{FB1D0F35-EC38-4404-BFEC-909E705B74B2}"
EndProject
Project("{FAE04EC0-301F-11D3-BF4B-00C04F79EFBC}") = "Publisher", "Publisher\Publisher.csproj", "{4B201DDC-4DF9-4FF3-9805-43EB163FA862}"
EndProject
Global
	GlobalSection(SolutionConfigurationPlatforms) = preSolution
		Debug|Any CPU = Debug|Any CPU
		Release|Any CPU = Release|Any CPU
	EndGlobalSection
	GlobalSection(ProjectConfigurationPlatforms) = postSolution
		{323B8013-DFDF-4439-AE6E-0A560887E792}.Debug|Any CPU.ActiveCfg = Debug|Any CPU
		{323B8013-DFDF-4439-AE6E-0A560887E792}.Debug|Any CPU.Build.0 = Debug|Any CPU
		{323B8013-DFDF-4439-AE6E-0A560887E792}.Release|Any CPU.ActiveCfg = Release|Any CPU
		{323B8013-DFDF-4439-AE6E-0A560887E792}.Release|Any CPU.Build.0 = Release|Any CPU
		{FB1D0F35-EC38-4404-BFEC-909E705B74B2}.Debug|Any CPU.ActiveCfg = Debug|Any CPU
		{FB1D0F35-EC38-4404-BFEC-909E705B74B2}.Debug|Any CPU.Build.0 = Debug|Any CPU
		{FB1D0F35-EC38-4404-BFEC-909E705B74B2}.Release|Any CPU.ActiveCfg = Release|Any CPU
		{FB1D0F35-EC38-4404-BFEC-909E705B74B2}.Release|Any CPU.Build.0 = Release|Any CPU
		{4B201DDC-4DF9-4FF3-9805-43EB163FA862}.Debug|Any CPU.ActiveCfg = Debug|Any CPU
		{4B201DDC-4DF9-4FF3-9805-43EB163FA862}.Debug|Any CPU.Build.0 = Debug|Any CPU
		{4B201DDC-4DF9-4FF3-9805-43EB163FA862}.Release|Any CPU.ActiveCfg = Release|Any CPU
		{4B201DDC-4DF9-4FF3-9805-43EB163FA862}.Release|Any CPU.Build.0 = Release|Any CPU
	EndGlobalSection
	GlobalSection(SolutionProperties) = preSolution
		HideSolutionNode = FALSE
	EndGlobalSection
	GlobalSection(ExtensibilityGlobals) = postSolution
		SolutionGuid = {6F7EFACC-26A1-4E2A-889D-378B14AD475E}
	EndGlobalSection
EndGlobal
