
Microsoft Visual Studio Solution File, Format Version 12.00
# Visual Studio Version 17
VisualStudioVersion = 17.14.36518.9 d17.14
MinimumVisualStudioVersion = 10.0.40219.1
Project("{FAE04EC0-301F-11D3-BF4B-00C04F79EFBC}") = "Publisher", "Publisher\Publisher.csproj", "{7060E8BC-3E07-4D90-B2FB-F47BC42CB87C}"
EndProject
Project("{FAE04EC0-301F-11D3-BF4B-00C04F79EFBC}") = "Consumer", "Consumer\Consumer.csproj", "{149103AF-9D91-4159-826C-F01EEBCFC644}"
EndProject
Global
	GlobalSection(SolutionConfigurationPlatforms) = preSolution
		Debug|Any CPU = Debug|Any CPU
		Release|Any CPU = Release|Any CPU
	EndGlobalSection
	GlobalSection(ProjectConfigurationPlatforms) = postSolution
		{7060E8BC-3E07-4D90-B2FB-F47BC42CB87C}.Debug|Any CPU.ActiveCfg = Debug|Any CPU
		{7060E8BC-3E07-4D90-B2FB-F47BC42CB87C}.Debug|Any CPU.Build.0 = Debug|Any CPU
		{7060E8BC-3E07-4D90-B2FB-F47BC42CB87C}.Release|Any CPU.ActiveCfg = Release|Any CPU
		{7060E8BC-3E07-4D90-B2FB-F47BC42CB87C}.Release|Any CPU.Build.0 = Release|Any CPU
		{149103AF-9D91-4159-826C-F01EEBCFC644}.Debug|Any CPU.ActiveCfg = Debug|Any CPU
		{149103AF-9D91-4159-826C-F01EEBCFC644}.Debug|Any CPU.Build.0 = Debug|Any CPU
		{149103AF-9D91-4159-826C-F01EEBCFC644}.Release|Any CPU.ActiveCfg = Release|Any CPU
		{149103AF-9D91-4159-826C-F01EEBCFC644}.Release|Any CPU.Build.0 = Release|Any CPU
	EndGlobalSection
	GlobalSection(SolutionProperties) = preSolution
		HideSolutionNode = FALSE
	EndGlobalSection
	GlobalSection(ExtensibilityGlobals) = postSolution
		SolutionGuid = {F8C73050-EC53-4432-ADEE-8192F62706EF}
	EndGlobalSection
EndGlobal
