
Microsoft Visual Studio Solution File, Format Version 12.00
# Visual Studio Version 17
VisualStudioVersion = 17.14.36930.0
MinimumVisualStudioVersion = 10.0.40219.1
Project("{FAE04EC0-301F-11D3-BF4B-00C04F79EFBC}") = "RabbitMQ.Publisher", "RabbitMQ.Publisher\RabbitMQ.Publisher.csproj", "{6B9E9D87-9979-40B5-9E25-CECE3B3AB429}"
EndProject
Project("{FAE04EC0-301F-11D3-BF4B-00C04F79EFBC}") = "RabbitMQ.Consumer", "RabbitMQ.Consumer\RabbitMQ.Consumer.csproj", "{61684E02-8A7E-441D-8034-8F0E6D4272EB}"
EndProject
Global
	GlobalSection(SolutionConfigurationPlatforms) = preSolution
		Debug|Any CPU = Debug|Any CPU
		Release|Any CPU = Release|Any CPU
	EndGlobalSection
	GlobalSection(ProjectConfigurationPlatforms) = postSolution
		{6B9E9D87-9979-40B5-9E25-CECE3B3AB429}.Debug|Any CPU.ActiveCfg = Debug|Any CPU
		{6B9E9D87-9979-40B5-9E25-CECE3B3AB429}.Debug|Any CPU.Build.0 = Debug|Any CPU
		{6B9E9D87-9979-40B5-9E25-CECE3B3AB429}.Release|Any CPU.ActiveCfg = Release|Any CPU
		{6B9E9D87-9979-40B5-9E25-CECE3B3AB429}.Release|Any CPU.Build.0 = Release|Any CPU
		{61684E02-8A7E-441D-8034-8F0E6D4272EB}.Debug|Any CPU.ActiveCfg = Debug|Any CPU
		{61684E02-8A7E-441D-8034-8F0E6D4272EB}.Debug|Any CPU.Build.0 = Debug|Any CPU
		{61684E02-8A7E-441D-8034-8F0E6D4272EB}.Release|Any CPU.ActiveCfg = Release|Any CPU
		{61684E02-8A7E-441D-8034-8F0E6D4272EB}.Release|Any CPU.Build.0 = Release|Any CPU
	EndGlobalSection
	GlobalSection(SolutionProperties) = preSolution
		HideSolutionNode = FALSE
	EndGlobalSection
	GlobalSection(ExtensibilityGlobals) = postSolution
		SolutionGuid = {B5ACCA5D-6405-4553-9B1A-0900AA07E1DB}
	EndGlobalSection
EndGlobal
