
Microsoft Visual Studio Solution File, Format Version 12.00
# Visual Studio Version 17
VisualStudioVersion = 17.14.36518.9 d17.14
MinimumVisualStudioVersion = 10.0.40219.1
Project("{FAE04EC0-301F-11D3-BF4B-00C04F79EFBC}") = "Consumer", "Consumer\Consumer.csproj", "{AE28E7A5-0FE0-4B5A-8404-C44E06649236}"
EndProject
Project("{FAE04EC0-301F-11D3-BF4B-00C04F79EFBC}") = "Publisher", "Publisher\Publisher.csproj", "{66A4A0F4-2A71-47F1-8659-60CC5389DA89}"
EndProject
Project("{FAE04EC0-301F-11D3-BF4B-00C04F79EFBC}") = "Shared", "Shared\Shared.csproj", "{67CF2B90-95B1-47CD-8C6C-610D95C79552}"
EndProject
Global
	GlobalSection(SolutionConfigurationPlatforms) = preSolution
		Debug|Any CPU = Debug|Any CPU
		Release|Any CPU = Release|Any CPU
	EndGlobalSection
	GlobalSection(ProjectConfigurationPlatforms) = postSolution
		{AE28E7A5-0FE0-4B5A-8404-C44E06649236}.Debug|Any CPU.ActiveCfg = Debug|Any CPU
		{AE28E7A5-0FE0-4B5A-8404-C44E06649236}.Debug|Any CPU.Build.0 = Debug|Any CPU
		{AE28E7A5-0FE0-4B5A-8404-C44E06649236}.Release|Any CPU.ActiveCfg = Release|Any CPU
		{AE28E7A5-0FE0-4B5A-8404-C44E06649236}.Release|Any CPU.Build.0 = Release|Any CPU
		{66A4A0F4-2A71-47F1-8659-60CC5389DA89}.Debug|Any CPU.ActiveCfg = Debug|Any CPU
		{66A4A0F4-2A71-47F1-8659-60CC5389DA89}.Debug|Any CPU.Build.0 = Debug|Any CPU
		{66A4A0F4-2A71-47F1-8659-60CC5389DA89}.Release|Any CPU.ActiveCfg = Release|Any CPU
		{66A4A0F4-2A71-47F1-8659-60CC5389DA89}.Release|Any CPU.Build.0 = Release|Any CPU
		{67CF2B90-95B1-47CD-8C6C-610D95C79552}.Debug|Any CPU.ActiveCfg = Debug|Any CPU
		{67CF2B90-95B1-47CD-8C6C-610D95C79552}.Debug|Any CPU.Build.0 = Debug|Any CPU
		{67CF2B90-95B1-47CD-8C6C-610D95C79552}.Release|Any CPU.ActiveCfg = Release|Any CPU
		{67CF2B90-95B1-47CD-8C6C-610D95C79552}.Release|Any CPU.Build.0 = Release|Any CPU
	EndGlobalSection
	GlobalSection(SolutionProperties) = preSolution
		HideSolutionNode = FALSE
	EndGlobalSection
	GlobalSection(ExtensibilityGlobals) = postSolution
		SolutionGuid = {FFA73C6B-4967-4FE0-8943-A50BC4D5DD2E}
	EndGlobalSection
EndGlobal
